// !$*UTF8*$!
{
	archiveVersion = 1;
	classes = {
	};
	objectVersion = 56;
	objects = {

/* Begin PBXBuildFile section */
		3E6965FF2A58844800034D34 /* TodoListApp.swift in Sources */ = {isa = PBXBuildFile; fileRef = 3E6965FE2A58844800034D34 /* TodoListApp.swift */; };
		3E6966012A58844800034D34 /* MainView.swift in Sources */ = {isa = PBXBuildFile; fileRef = 3E6966002A58844800034D34 /* MainView.swift */; };
		3E6966032A58844A00034D34 /* Assets.xcassets in Resources */ = {isa = PBXBuildFile; fileRef = 3E6966022A58844A00034D34 /* Assets.xcassets */; };
		3E6966062A58844A00034D34 /* Preview Assets.xcassets in Resources */ = {isa = PBXBuildFile; fileRef = 3E6966052A58844A00034D34 /* Preview Assets.xcassets */; };
		3E69660E2A5886BB00034D34 /* FirebaseAuth in Frameworks */ = {isa = PBXBuildFile; productRef = 3E69660D2A5886BB00034D34 /* FirebaseAuth */; };
		3E6966102A5886BB00034D34 /* FirebaseFirestore in Frameworks */ = {isa = PBXBuildFile; productRef = 3E69660F2A5886BB00034D34 /* FirebaseFirestore */; };
		3E6966122A5886BB00034D34 /* FirebaseFirestoreSwift in Frameworks */ = {isa = PBXBuildFile; productRef = 3E6966112A5886BB00034D34 /* FirebaseFirestoreSwift */; };
		3E6966142A5888AC00034D34 /* GoogleService-Info.plist in Resources */ = {isa = PBXBuildFile; fileRef = 3E6966132A5888AC00034D34 /* GoogleService-Info.plist */; };
		3E69661A2A589D9D00034D34 /* ProfileView.swift in Sources */ = {isa = PBXBuildFile; fileRef = 3E6966192A589D9D00034D34 /* ProfileView.swift */; };
		3E69661C2A589DBA00034D34 /* TodoListView.swift in Sources */ = {isa = PBXBuildFile; fileRef = 3E69661B2A589DBA00034D34 /* TodoListView.swift */; };
		3EE2E7C22A589DFF00F9CF50 /* NewItemView.swift in Sources */ = {isa = PBXBuildFile; fileRef = 3EE2E7C12A589DFF00F9CF50 /* NewItemView.swift */; };
		3EE2E7C52A589E8300F9CF50 /* TodoItemView.swift in Sources */ = {isa = PBXBuildFile; fileRef = 3EE2E7C42A589E8300F9CF50 /* TodoItemView.swift */; };
		3EE2E7C72A589EC000F9CF50 /* User.swift in Sources */ = {isa = PBXBuildFile; fileRef = 3EE2E7C62A589EC000F9CF50 /* User.swift */; };
		3EE2E7C92A589ED100F9CF50 /* Todo.swift in Sources */ = {isa = PBXBuildFile; fileRef = 3EE2E7C82A589ED100F9CF50 /* Todo.swift */; };
		3EE2E7D52A589F8B00F9CF50 /* RegisterView.swift in Sources */ = {isa = PBXBuildFile; fileRef = 3EE2E7D42A589F8B00F9CF50 /* RegisterView.swift */; };
		3EE2E7D72A58A03200F9CF50 /* MainViewModel.swift in Sources */ = {isa = PBXBuildFile; fileRef = 3EE2E7D62A58A03200F9CF50 /* MainViewModel.swift */; };
		3EE2E7D92A58A03D00F9CF50 /* ProfileViewModel.swift in Sources */ = {isa = PBXBuildFile; fileRef = 3EE2E7D82A58A03D00F9CF50 /* ProfileViewModel.swift */; };
		3EE2E7DB2A58A04800F9CF50 /* RegisterViewModel.swift in Sources */ = {isa = PBXBuildFile; fileRef = 3EE2E7DA2A58A04800F9CF50 /* RegisterViewModel.swift */; };
		3EE2E7DD2A58A05A00F9CF50 /* TodoListViewModel.swift in Sources */ = {isa = PBXBuildFile; fileRef = 3EE2E7DC2A58A05A00F9CF50 /* TodoListViewModel.swift */; };
		3EE2E7DF2A58A06E00F9CF50 /* TodoListItemViewModel.swift in Sources */ = {isa = PBXBuildFile; fileRef = 3EE2E7DE2A58A06E00F9CF50 /* TodoListItemViewModel.swift */; };
		3EE2E7E12A58A08700F9CF50 /* NewItemViewModel.swift in Sources */ = {isa = PBXBuildFile; fileRef = 3EE2E7E02A58A08700F9CF50 /* NewItemViewModel.swift */; };
		3EE2E7E32A58A51F00F9CF50 /* LoginView.swift in Sources */ = {isa = PBXBuildFile; fileRef = 3EE2E7E22A58A51F00F9CF50 /* LoginView.swift */; };
		3EE2E7E52A58A52E00F9CF50 /* LoginViewModel.swift in Sources */ = {isa = PBXBuildFile; fileRef = 3EE2E7E42A58A52E00F9CF50 /* LoginViewModel.swift */; };
		3EE2E7E82A58A85A00F9CF50 /* HeaderView.swift in Sources */ = {isa = PBXBuildFile; fileRef = 3EE2E7E72A58A85A00F9CF50 /* HeaderView.swift */; };
		3EE2E7EA2A5AF0A200F9CF50 /* TLButton.swift in Sources */ = {isa = PBXBuildFile; fileRef = 3EE2E7E92A5AF0A200F9CF50 /* TLButton.swift */; };
		3EE2E7EC2A5B0AA400F9CF50 /* Extensions.swift in Sources */ = {isa = PBXBuildFile; fileRef = 3EE2E7EB2A5B0AA400F9CF50 /* Extensions.swift */; };
/* End PBXBuildFile section */

/* Begin PBXFileReference section */
		3E6965FB2A58844800034D34 /* TodoList.app */ = {isa = PBXFileReference; explicitFileType = wrapper.application; includeInIndex = 0; path = TodoList.app; sourceTree = BUILT_PRODUCTS_DIR; };
		3E6965FE2A58844800034D34 /* TodoListApp.swift */ = {isa = PBXFileReference; lastKnownFileType = sourcecode.swift; path = TodoListApp.swift; sourceTree = "<group>"; };
		3E6966002A58844800034D34 /* MainView.swift */ = {isa = PBXFileReference; lastKnownFileType = sourcecode.swift; path = MainView.swift; sourceTree = "<group>"; };
		3E6966022A58844A00034D34 /* Assets.xcassets */ = {isa = PBXFileReference; lastKnownFileType = folder.assetcatalog; path = Assets.xcassets; sourceTree = "<group>"; };
		3E6966052A58844A00034D34 /* Preview Assets.xcassets */ = {isa = PBXFileReference; lastKnownFileType = folder.assetcatalog; path = "Preview Assets.xcassets"; sourceTree = "<group>"; };
		3E6966132A5888AC00034D34 /* GoogleService-Info.plist */ = {isa = PBXFileReference; fileEncoding = 4; lastKnownFileType = text.plist.xml; path = "GoogleService-Info.plist"; sourceTree = "<group>"; };
		3E6966192A589D9D00034D34 /* ProfileView.swift */ = {isa = PBXFileReference; lastKnownFileType = sourcecode.swift; path = ProfileView.swift; sourceTree = "<group>"; };
		3E69661B2A589DBA00034D34 /* TodoListView.swift */ = {isa = PBXFileReference; lastKnownFileType = sourcecode.swift; path = TodoListView.swift; sourceTree = "<group>"; };
		3EE2E7C12A589DFF00F9CF50 /* NewItemView.swift */ = {isa = PBXFileReference; lastKnownFileType = sourcecode.swift; path = NewItemView.swift; sourceTree = "<group>"; };
		3EE2E7C42A589E8300F9CF50 /* TodoItemView.swift */ = {isa = PBXFileReference; lastKnownFileType = sourcecode.swift; path = TodoItemView.swift; sourceTree = "<group>"; };
		3EE2E7C62A589EC000F9CF50 /* User.swift */ = {isa = PBXFileReference; lastKnownFileType = sourcecode.swift; path = User.swift; sourceTree = "<group>"; };
		3EE2E7C82A589ED100F9CF50 /* Todo.swift */ = {isa = PBXFileReference; lastKnownFileType = sourcecode.swift; path = Todo.swift; sourceTree = "<group>"; };
		3EE2E7D42A589F8B00F9CF50 /* RegisterView.swift */ = {isa = PBXFileReference; lastKnownFileType = sourcecode.swift; path = RegisterView.swift; sourceTree = "<group>"; };
		3EE2E7D62A58A03200F9CF50 /* MainViewModel.swift */ = {isa = PBXFileReference; lastKnownFileType = sourcecode.swift; path = MainViewModel.swift; sourceTree = "<group>"; };
		3EE2E7D82A58A03D00F9CF50 /* ProfileViewModel.swift */ = {isa = PBXFileReference; lastKnownFileType = sourcecode.swift; path = ProfileViewModel.swift; sourceTree = "<group>"; };
		3EE2E7DA2A58A04800F9CF50 /* RegisterViewModel.swift */ = {isa = PBXFileReference; lastKnownFileType = sourcecode.swift; path = RegisterViewModel.swift; sourceTree = "<group>"; };
		3EE2E7DC2A58A05A00F9CF50 /* TodoListViewModel.swift */ = {isa = PBXFileReference; lastKnownFileType = sourcecode.swift; path = TodoListViewModel.swift; sourceTree = "<group>"; };
		3EE2E7DE2A58A06E00F9CF50 /* TodoListItemViewModel.swift */ = {isa = PBXFileReference; lastKnownFileType = sourcecode.swift; path = TodoListItemViewModel.swift; sourceTree = "<group>"; };
		3EE2E7E02A58A08700F9CF50 /* NewItemViewModel.swift */ = {isa = PBXFileReference; lastKnownFileType = sourcecode.swift; path = NewItemViewModel.swift; sourceTree = "<group>"; };
		3EE2E7E22A58A51F00F9CF50 /* LoginView.swift */ = {isa = PBXFileReference; lastKnownFileType = sourcecode.swift; path = LoginView.swift; sourceTree = "<group>"; };
		3EE2E7E42A58A52E00F9CF50 /* LoginViewModel.swift */ = {isa = PBXFileReference; lastKnownFileType = sourcecode.swift; path = LoginViewModel.swift; sourceTree = "<group>"; };
		3EE2E7E72A58A85A00F9CF50 /* HeaderView.swift */ = {isa = PBXFileReference; lastKnownFileType = sourcecode.swift; path = HeaderView.swift; sourceTree = "<group>"; };
		3EE2E7E92A5AF0A200F9CF50 /* TLButton.swift */ = {isa = PBXFileReference; lastKnownFileType = sourcecode.swift; path = TLButton.swift; sourceTree = "<group>"; };
		3EE2E7EB2A5B0AA400F9CF50 /* Extensions.swift */ = {isa = PBXFileReference; lastKnownFileType = sourcecode.swift; path = Extensions.swift; sourceTree = "<group>"; };
/* End PBXFileReference section */

/* Begin PBXFrameworksBuildPhase section */
		3E6965F82A58844800034D34 /* Frameworks */ = {
			isa = PBXFrameworksBuildPhase;
			buildActionMask = 2147483647;
			files = (
				3E69660E2A5886BB00034D34 /* FirebaseAuth in Frameworks */,
				3E6966102A5886BB00034D34 /* FirebaseFirestore in Frameworks */,
				3E6966122A5886BB00034D34 /* FirebaseFirestoreSwift in Frameworks */,
			);
			runOnlyForDeploymentPostprocessing = 0;
		};
/* End PBXFrameworksBuildPhase section */

/* Begin PBXGroup section */
		3E6965F22A58844800034D34 = {
			isa = PBXGroup;
			children = (
				3E6965FD2A58844800034D34 /* TodoList */,
				3E6965FC2A58844800034D34 /* Products */,
			);
			sourceTree = "<group>";
		};
		3E6965FC2A58844800034D34 /* Products */ = {
			isa = PBXGroup;
			children = (
				3E6965FB2A58844800034D34 /* TodoList.app */,
			);
			name = Products;
			sourceTree = "<group>";
		};
		3E6965FD2A58844800034D34 /* TodoList */ = {
			isa = PBXGroup;
			children = (
				3E6966182A589BB700034D34 /* Other(😨 Hide Me...) */,
				3E6966162A589A4200034D34 /* Models(🐈🐈‍⬛🦁 Types) */,
				3E6966172A589AEC00034D34 /* ViewModels(⚙️ Logic) */,
				3E6966152A589A2500034D34 /* Views(👀 Visuals) */,
				3E6966042A58844A00034D34 /* Preview Content(😶‍🌫️ Test Data) */,
			);
			path = TodoList;
			sourceTree = "<group>";
		};
		3E6966042A58844A00034D34 /* Preview Content(😶‍🌫️ Test Data) */ = {
			isa = PBXGroup;
			children = (
				3E6966052A58844A00034D34 /* Preview Assets.xcassets */,
			);
			path = "Preview Content(😶‍🌫️ Test Data)";
			sourceTree = "<group>";
		};
		3E6966152A589A2500034D34 /* Views(👀 Visuals) */ = {
			isa = PBXGroup;
			children = (
				3E6966002A58844800034D34 /* MainView.swift */,
				3EE2E7E22A58A51F00F9CF50 /* LoginView.swift */,
				3EE2E7E92A5AF0A200F9CF50 /* TLButton.swift */,
				3EE2E7E72A58A85A00F9CF50 /* HeaderView.swift */,
				3E6966192A589D9D00034D34 /* ProfileView.swift */,
				3EE2E7D42A589F8B00F9CF50 /* RegisterView.swift */,
				3E69661B2A589DBA00034D34 /* TodoListView.swift */,
				3EE2E7C42A589E8300F9CF50 /* TodoItemView.swift */,
				3EE2E7C12A589DFF00F9CF50 /* NewItemView.swift */,
			);
			path = "Views(👀 Visuals)";
			sourceTree = "<group>";
		};
		3E6966162A589A4200034D34 /* Models(🐈🐈‍⬛🦁 Types) */ = {
			isa = PBXGroup;
			children = (
				3EE2E7C62A589EC000F9CF50 /* User.swift */,
				3EE2E7C82A589ED100F9CF50 /* Todo.swift */,
				3EE2E7EB2A5B0AA400F9CF50 /* Extensions.swift */,
			);
			path = "Models(🐈🐈‍⬛🦁 Types)";
			sourceTree = "<group>";
		};
		3E6966172A589AEC00034D34 /* ViewModels(⚙️ Logic) */ = {
			isa = PBXGroup;
			children = (
				3EE2E7D62A58A03200F9CF50 /* MainViewModel.swift */,
				3EE2E7D82A58A03D00F9CF50 /* ProfileViewModel.swift */,
				3EE2E7DA2A58A04800F9CF50 /* RegisterViewModel.swift */,
				3EE2E7DC2A58A05A00F9CF50 /* TodoListViewModel.swift */,
				3EE2E7DE2A58A06E00F9CF50 /* TodoListItemViewModel.swift */,
				3EE2E7E02A58A08700F9CF50 /* NewItemViewModel.swift */,
				3EE2E7E42A58A52E00F9CF50 /* LoginViewModel.swift */,
			);
			path = "ViewModels(⚙️ Logic)";
			sourceTree = "<group>";
		};
		3E6966182A589BB700034D34 /* Other(😨 Hide Me...) */ = {
			isa = PBXGroup;
			children = (
				3E6965FE2A58844800034D34 /* TodoListApp.swift */,
				3E6966132A5888AC00034D34 /* GoogleService-Info.plist */,
				3E6966022A58844A00034D34 /* Assets.xcassets */,
			);
			path = "Other(😨 Hide Me...)";
			sourceTree = "<group>";
		};
/* End PBXGroup section */

/* Begin PBXNativeTarget section */
		3E6965FA2A58844800034D34 /* TodoList */ = {
			isa = PBXNativeTarget;
			buildConfigurationList = 3E6966092A58844A00034D34 /* Build configuration list for PBXNativeTarget "TodoList" */;
			buildPhases = (
				3E6965F72A58844800034D34 /* Sources */,
				3E6965F82A58844800034D34 /* Frameworks */,
				3E6965F92A58844800034D34 /* Resources */,
			);
			buildRules = (
			);
			dependencies = (
			);
			name = TodoList;
			packageProductDependencies = (
				3E69660D2A5886BB00034D34 /* FirebaseAuth */,
				3E69660F2A5886BB00034D34 /* FirebaseFirestore */,
				3E6966112A5886BB00034D34 /* FirebaseFirestoreSwift */,
			);
			productName = TodoList;
			productReference = 3E6965FB2A58844800034D34 /* TodoList.app */;
			productType = "com.apple.product-type.application";
		};
/* End PBXNativeTarget section */

/* Begin PBXProject section */
		3E6965F32A58844800034D34 /* Project object */ = {
			isa = PBXProject;
			attributes = {
				BuildIndependentTargetsInParallel = 1;
				LastSwiftUpdateCheck = 1430;
				LastUpgradeCheck = 1430;
				TargetAttributes = {
					3E6965FA2A58844800034D34 = {
						CreatedOnToolsVersion = 14.3.1;
					};
				};
			};
			buildConfigurationList = 3E6965F62A58844800034D34 /* Build configuration list for PBXProject "TodoList" */;
			compatibilityVersion = "Xcode 14.0";
			developmentRegion = en;
			hasScannedForEncodings = 0;
			knownRegions = (
				en,
				Base,
			);
			mainGroup = 3E6965F22A58844800034D34;
			packageReferences = (
				3E69660C2A5886BB00034D34 /* XCRemoteSwiftPackageReference "firebase-ios-sdk" */,
			);
			productRefGroup = 3E6965FC2A58844800034D34 /* Products */;
			projectDirPath = "";
			projectRoot = "";
			targets = (
				3E6965FA2A58844800034D34 /* TodoList */,
			);
		};
/* End PBXProject section */

/* Begin PBXResourcesBuildPhase section */
		3E6965F92A58844800034D34 /* Resources */ = {
			isa = PBXResourcesBuildPhase;
			buildActionMask = 2147483647;
			files = (
				3E6966062A58844A00034D34 /* Preview Assets.xcassets in Resources */,
				3E6966032A58844A00034D34 /* Assets.xcassets in Resources */,
				3E6966142A5888AC00034D34 /* GoogleService-Info.plist in Resources */,
			);
			runOnlyForDeploymentPostprocessing = 0;
		};
/* End PBXResourcesBuildPhase section */

/* Begin PBXSourcesBuildPhase section */
		3E6965F72A58844800034D34 /* Sources */ = {
			isa = PBXSourcesBuildPhase;
			buildActionMask = 2147483647;
			files = (
				3E6966012A58844800034D34 /* MainView.swift in Sources */,
				3EE2E7E82A58A85A00F9CF50 /* HeaderView.swift in Sources */,
				3E69661C2A589DBA00034D34 /* TodoListView.swift in Sources */,
				3EE2E7E12A58A08700F9CF50 /* NewItemViewModel.swift in Sources */,
				3EE2E7DD2A58A05A00F9CF50 /* TodoListViewModel.swift in Sources */,
				3EE2E7D52A589F8B00F9CF50 /* RegisterView.swift in Sources */,
				3E69661A2A589D9D00034D34 /* ProfileView.swift in Sources */,
				3EE2E7EA2A5AF0A200F9CF50 /* TLButton.swift in Sources */,
				3EE2E7D72A58A03200F9CF50 /* MainViewModel.swift in Sources */,
				3EE2E7C92A589ED100F9CF50 /* Todo.swift in Sources */,
				3E6965FF2A58844800034D34 /* TodoListApp.swift in Sources */,
				3EE2E7DB2A58A04800F9CF50 /* RegisterViewModel.swift in Sources */,
				3EE2E7E52A58A52E00F9CF50 /* LoginViewModel.swift in Sources */,
				3EE2E7D92A58A03D00F9CF50 /* ProfileViewModel.swift in Sources */,
				3EE2E7C22A589DFF00F9CF50 /* NewItemView.swift in Sources */,
				3EE2E7EC2A5B0AA400F9CF50 /* Extensions.swift in Sources */,
				3EE2E7C52A589E8300F9CF50 /* TodoItemView.swift in Sources */,
				3EE2E7DF2A58A06E00F9CF50 /* TodoListItemViewModel.swift in Sources */,
				3EE2E7E32A58A51F00F9CF50 /* LoginView.swift in Sources */,
				3EE2E7C72A589EC000F9CF50 /* User.swift in Sources */,
			);
			runOnlyForDeploymentPostprocessing = 0;
		};
/* End PBXSourcesBuildPhase section */

/* Begin XCBuildConfiguration section */
		3E6966072A58844A00034D34 /* Debug */ = {
			isa = XCBuildConfiguration;
			buildSettings = {
				ALWAYS_SEARCH_USER_PATHS = NO;
				CLANG_ANALYZER_NONNULL = YES;
				CLANG_ANALYZER_NUMBER_OBJECT_CONVERSION = YES_AGGRESSIVE;
				CLANG_CXX_LANGUAGE_STANDARD = "gnu++20";
				CLANG_ENABLE_MODULES = YES;
				CLANG_ENABLE_OBJC_ARC = YES;
				CLANG_ENABLE_OBJC_WEAK = YES;
				CLANG_WARN_BLOCK_CAPTURE_AUTORELEASING = YES;
				CLANG_WARN_BOOL_CONVERSION = YES;
				CLANG_WARN_COMMA = YES;
				CLANG_WARN_CONSTANT_CONVERSION = YES;
				CLANG_WARN_DEPRECATED_OBJC_IMPLEMENTATIONS = YES;
				CLANG_WARN_DIRECT_OBJC_ISA_USAGE = YES_ERROR;
				CLANG_WARN_DOCUMENTATION_COMMENTS = YES;
				CLANG_WARN_EMPTY_BODY = YES;
				CLANG_WARN_ENUM_CONVERSION = YES;
				CLANG_WARN_INFINITE_RECURSION = YES;
				CLANG_WARN_INT_CONVERSION = YES;
				CLANG_WARN_NON_LITERAL_NULL_CONVERSION = YES;
				CLANG_WARN_OBJC_IMPLICIT_RETAIN_SELF = YES;
				CLANG_WARN_OBJC_LITERAL_CONVERSION = YES;
				CLANG_WARN_OBJC_ROOT_CLASS = YES_ERROR;
				CLANG_WARN_QUOTED_INCLUDE_IN_FRAMEWORK_HEADER = YES;
				CLANG_WARN_RANGE_LOOP_ANALYSIS = YES;
				CLANG_WARN_STRICT_PROTOTYPES = YES;
				CLANG_WARN_SUSPICIOUS_MOVE = YES;
				CLANG_WARN_UNGUARDED_AVAILABILITY = YES_AGGRESSIVE;
				CLANG_WARN_UNREACHABLE_CODE = YES;
				CLANG_WARN__DUPLICATE_METHOD_MATCH = YES;
				COPY_PHASE_STRIP = NO;
				DEBUG_INFORMATION_FORMAT = dwarf;
				ENABLE_STRICT_OBJC_MSGSEND = YES;
				ENABLE_TESTABILITY = YES;
				GCC_C_LANGUAGE_STANDARD = gnu11;
				GCC_DYNAMIC_NO_PIC = NO;
				GCC_NO_COMMON_BLOCKS = YES;
				GCC_OPTIMIZATION_LEVEL = 0;
				GCC_PREPROCESSOR_DEFINITIONS = (
					"DEBUG=1",
					"$(inherited)",
				);
				GCC_WARN_64_TO_32_BIT_CONVERSION = YES;
				GCC_WARN_ABOUT_RETURN_TYPE = YES_ERROR;
				GCC_WARN_UNDECLARED_SELECTOR = YES;
				GCC_WARN_UNINITIALIZED_AUTOS = YES_AGGRESSIVE;
				GCC_WARN_UNUSED_FUNCTION = YES;
				GCC_WARN_UNUSED_VARIABLE = YES;
				IPHONEOS_DEPLOYMENT_TARGET = 16.4;
				MTL_ENABLE_DEBUG_INFO = INCLUDE_SOURCE;
				MTL_FAST_MATH = YES;
				ONLY_ACTIVE_ARCH = YES;
				SDKROOT = iphoneos;
				SWIFT_ACTIVE_COMPILATION_CONDITIONS = DEBUG;
				SWIFT_OPTIMIZATION_LEVEL = "-Onone";
			};
			name = Debug;
		};
		3E6966082A58844A00034D34 /* Release */ = {
			isa = XCBuildConfiguration;
			buildSettings = {
				ALWAYS_SEARCH_USER_PATHS = NO;
				CLANG_ANALYZER_NONNULL = YES;
				CLANG_ANALYZER_NUMBER_OBJECT_CONVERSION = YES_AGGRESSIVE;
				CLANG_CXX_LANGUAGE_STANDARD = "gnu++20";
				CLANG_ENABLE_MODULES = YES;
				CLANG_ENABLE_OBJC_ARC = YES;
				CLANG_ENABLE_OBJC_WEAK = YES;
				CLANG_WARN_BLOCK_CAPTURE_AUTORELEASING = YES;
				CLANG_WARN_BOOL_CONVERSION = YES;
				CLANG_WARN_COMMA = YES;
				CLANG_WARN_CONSTANT_CONVERSION = YES;
				CLANG_WARN_DEPRECATED_OBJC_IMPLEMENTATIONS = YES;
				CLANG_WARN_DIRECT_OBJC_ISA_USAGE = YES_ERROR;
				CLANG_WARN_DOCUMENTATION_COMMENTS = YES;
				CLANG_WARN_EMPTY_BODY = YES;
				CLANG_WARN_ENUM_CONVERSION = YES;
				CLANG_WARN_INFINITE_RECURSION = YES;
				CLANG_WARN_INT_CONVERSION = YES;
				CLANG_WARN_NON_LITERAL_NULL_CONVERSION = YES;
				CLANG_WARN_OBJC_IMPLICIT_RETAIN_SELF = YES;
				CLANG_WARN_OBJC_LITERAL_CONVERSION = YES;
				CLANG_WARN_OBJC_ROOT_CLASS = YES_ERROR;
				CLANG_WARN_QUOTED_INCLUDE_IN_FRAMEWORK_HEADER = YES;
				CLANG_WARN_RANGE_LOOP_ANALYSIS = YES;
				CLANG_WARN_STRICT_PROTOTYPES = YES;
				CLANG_WARN_SUSPICIOUS_MOVE = YES;
				CLANG_WARN_UNGUARDED_AVAILABILITY = YES_AGGRESSIVE;
				CLANG_WARN_UNREACHABLE_CODE = YES;
				CLANG_WARN__DUPLICATE_METHOD_MATCH = YES;
				COPY_PHASE_STRIP = NO;
				DEBUG_INFORMATION_FORMAT = "dwarf-with-dsym";
				ENABLE_NS_ASSERTIONS = NO;
				ENABLE_STRICT_OBJC_MSGSEND = YES;
				GCC_C_LANGUAGE_STANDARD = gnu11;
				GCC_NO_COMMON_BLOCKS = YES;
				GCC_WARN_64_TO_32_BIT_CONVERSION = YES;
				GCC_WARN_ABOUT_RETURN_TYPE = YES_ERROR;
				GCC_WARN_UNDECLARED_SELECTOR = YES;
				GCC_WARN_UNINITIALIZED_AUTOS = YES_AGGRESSIVE;
				GCC_WARN_UNUSED_FUNCTION = YES;
				GCC_WARN_UNUSED_VARIABLE = YES;
				IPHONEOS_DEPLOYMENT_TARGET = 16.4;
				MTL_ENABLE_DEBUG_INFO = NO;
				MTL_FAST_MATH = YES;
				SDKROOT = iphoneos;
				SWIFT_COMPILATION_MODE = wholemodule;
				SWIFT_OPTIMIZATION_LEVEL = "-O";
				VALIDATE_PRODUCT = YES;
			};
			name = Release;
		};
		3E69660A2A58844A00034D34 /* Debug */ = {
			isa = XCBuildConfiguration;
			buildSettings = {
				ASSETCATALOG_COMPILER_APPICON_NAME = AppIcon;
				ASSETCATALOG_COMPILER_GLOBAL_ACCENT_COLOR_NAME = AccentColor;
				CODE_SIGN_STYLE = Automatic;
				CURRENT_PROJECT_VERSION = 1;
				DEVELOPMENT_ASSET_PATHS = "\"TodoList/Preview Content(😶‍🌫️ Test Data)\"";
				ENABLE_PREVIEWS = YES;
				GENERATE_INFOPLIST_FILE = YES;
				INFOPLIST_KEY_CFBundleDisplayName = "Todo List";
				INFOPLIST_KEY_UIApplicationSceneManifest_Generation = YES;
				INFOPLIST_KEY_UIApplicationSupportsIndirectInputEvents = YES;
				INFOPLIST_KEY_UILaunchScreen_Generation = YES;
				INFOPLIST_KEY_UISupportedInterfaceOrientations = UIInterfaceOrientationPortrait;
				LD_RUNPATH_SEARCH_PATHS = (
					"$(inherited)",
					"@executable_path/Frameworks",
				);
				MARKETING_VERSION = 1.0;
				PRODUCT_BUNDLE_IDENTIFIER = daly.TodoList;
				PRODUCT_NAME = "$(TARGET_NAME)";
				SWIFT_EMIT_LOC_STRINGS = YES;
				SWIFT_VERSION = 5.0;
				TARGETED_DEVICE_FAMILY = "1,2";
			};
			name = Debug;
		};
		3E69660B2A58844A00034D34 /* Release */ = {
			isa = XCBuildConfiguration;
			buildSettings = {
				ASSETCATALOG_COMPILER_APPICON_NAME = AppIcon;
				ASSETCATALOG_COMPILER_GLOBAL_ACCENT_COLOR_NAME = AccentColor;
				CODE_SIGN_STYLE = Automatic;
				CURRENT_PROJECT_VERSION = 1;
				DEVELOPMENT_ASSET_PATHS = "\"TodoList/Preview Content(😶‍🌫️ Test Data)\"";
				ENABLE_PREVIEWS = YES;
				GENERATE_INFOPLIST_FILE = YES;
				INFOPLIST_KEY_CFBundleDisplayName = "Todo List";
				INFOPLIST_KEY_UIApplicationSceneManifest_Generation = YES;
				INFOPLIST_KEY_UIApplicationSupportsIndirectInputEvents = YES;
				INFOPLIST_KEY_UILaunchScreen_Generation = YES;
				INFOPLIST_KEY_UISupportedInterfaceOrientations = UIInterfaceOrientationPortrait;
				LD_RUNPATH_SEARCH_PATHS = (
					"$(inherited)",
					"@executable_path/Frameworks",
				);
				MARKETING_VERSION = 1.0;
				PRODUCT_BUNDLE_IDENTIFIER = daly.TodoList;
				PRODUCT_NAME = "$(TARGET_NAME)";
				SWIFT_EMIT_LOC_STRINGS = YES;
				SWIFT_VERSION = 5.0;
				TARGETED_DEVICE_FAMILY = "1,2";
			};
			name = Release;
		};
/* End XCBuildConfiguration section */

/* Begin XCConfigurationList section */
		3E6965F62A58844800034D34 /* Build configuration list for PBXProject "TodoList" */ = {
			isa = XCConfigurationList;
			buildConfigurations = (
				3E6966072A58844A00034D34 /* Debug */,
				3E6966082A58844A00034D34 /* Release */,
			);
			defaultConfigurationIsVisible = 0;
			defaultConfigurationName = Release;
		};
		3E6966092A58844A00034D34 /* Build configuration list for PBXNativeTarget "TodoList" */ = {
			isa = XCConfigurationList;
			buildConfigurations = (
				3E69660A2A58844A00034D34 /* Debug */,
				3E69660B2A58844A00034D34 /* Release */,
			);
			defaultConfigurationIsVisible = 0;
			defaultConfigurationName = Release;
		};
/* End XCConfigurationList section */

/* Begin XCRemoteSwiftPackageReference section */
		3E69660C2A5886BB00034D34 /* XCRemoteSwiftPackageReference "firebase-ios-sdk" */ = {
			isa = XCRemoteSwiftPackageReference;
			repositoryURL = "https://github.com/firebase/firebase-ios-sdk";
			requirement = {
				kind = upToNextMajorVersion;
				minimumVersion = 10.0.0;
			};
		};
/* End XCRemoteSwiftPackageReference section */

/* Begin XCSwiftPackageProductDependency section */
		3E69660D2A5886BB00034D34 /* FirebaseAuth */ = {
			isa = XCSwiftPackageProductDependency;
			package = 3E69660C2A5886BB00034D34 /* XCRemoteSwiftPackageReference "firebase-ios-sdk" */;
			productName = FirebaseAuth;
		};
		3E69660F2A5886BB00034D34 /* FirebaseFirestore */ = {
			isa = XCSwiftPackageProductDependency;
			package = 3E69660C2A5886BB00034D34 /* XCRemoteSwiftPackageReference "firebase-ios-sdk" */;
			productName = FirebaseFirestore;
		};
		3E6966112A5886BB00034D34 /* FirebaseFirestoreSwift */ = {
			isa = XCSwiftPackageProductDependency;
			package = 3E69660C2A5886BB00034D34 /* XCRemoteSwiftPackageReference "firebase-ios-sdk" */;
			productName = FirebaseFirestoreSwift;
		};
/* End XCSwiftPackageProductDependency section */
	};
	rootObject = 3E6965F32A58844800034D34 /* Project object */;
}
